
Microsoft Visual Studio Solution File, Format Version 12.00
Project("{FAE04EC0-301F-11D3-BF4B-00C04F79EFBC}") = "Artisan.II.Server", "Artisan.II\Server\Artisan.II.Server.csproj", "{A016E4F1-141F-4B72-B299-5121269B57E7}"
EndProject
Project("{FAE04EC0-301F-11D3-BF4B-00C04F79EFBC}") = "Artisan.II.Client", "Artisan.II\Client\Artisan.II.Client.csproj", "{EEF4C4DD-5AAA-4C7D-A232-BAFECFEB687F}"
EndProject
Project("{FAE04EC0-301F-11D3-BF4B-00C04F79EFBC}") = "Artisan.II.Shared", "Artisan.II\Shared\Artisan.II.Shared.csproj", "{11309AC7-3FF3-492A-A785-C78A0BB9CDEE}"
EndProject
Project("{2150E333-8FDC-42A3-9474-1A3956D46DE8}") = "Data", "Data", "{96CC3CC0-13FB-402A-BD26-AE9F2AF8316E}"
EndProject
Project("{FAE04EC0-301F-11D3-BF4B-00C04F79EFBC}") = "Artisan.II.Data.EFCore", "Artisan.II\Data.EFCore\Artisan.II.Data.EFCore.csproj", "{B78F5B08-DA19-4BDF-8DC0-CB17A04ACCE9}"
EndProject
Project("{FAE04EC0-301F-11D3-BF4B-00C04F79EFBC}") = "Artisan.II.Data.Abstractions", "Artisan.II\Data.Abstractions\Artisan.II.Data.Abstractions.csproj", "{A42BE9DD-E6AB-4871-8392-64649AC9326F}"
EndProject
Project("{FAE04EC0-301F-11D3-BF4B-00C04F79EFBC}") = "Artisan.II.Data.Entities", "Artisan.II\Data.Entities\Artisan.II.Data.Entities.csproj", "{B1BBCCC5-7768-474D-A4C2-3C706F902706}"
EndProject
Project("{2150E333-8FDC-42A3-9474-1A3956D46DE8}") = "Client", "Client", "{D3952782-534E-43B7-B97A-F9FC79A13BEC}"
EndProject
Project("{FAE04EC0-301F-11D3-BF4B-00C04F79EFBC}") = "Artisan.II.Client.Common", "Artisan.II\Client.Common\Artisan.II.Client.Common.csproj", "{11A48C2A-A10A-4565-AADB-ACF476F7A6FB}"
EndProject
Project("{2150E333-8FDC-42A3-9474-1A3956D46DE8}") = "Pages", "Pages", "{CB597445-9B1F-473F-A3DF-1DBC5C24CF07}"
EndProject
Project("{FAE04EC0-301F-11D3-BF4B-00C04F79EFBC}") = "Artisan.II.Client.Pages.Test", "Artisan.II\Client.Pages.Test\Artisan.II.Client.Pages.Test.csproj", "{BDC48A89-5355-4F7C-B084-2FFD38A8158A}"
EndProject
Global
	GlobalSection(SolutionConfigurationPlatforms) = preSolution
		Debug|Any CPU = Debug|Any CPU
		Release|Any CPU = Release|Any CPU
	EndGlobalSection
	GlobalSection(ProjectConfigurationPlatforms) = postSolution
		{A016E4F1-141F-4B72-B299-5121269B57E7}.Debug|Any CPU.ActiveCfg = Debug|Any CPU
		{A016E4F1-141F-4B72-B299-5121269B57E7}.Debug|Any CPU.Build.0 = Debug|Any CPU
		{A016E4F1-141F-4B72-B299-5121269B57E7}.Release|Any CPU.ActiveCfg = Release|Any CPU
		{A016E4F1-141F-4B72-B299-5121269B57E7}.Release|Any CPU.Build.0 = Release|Any CPU
		{EEF4C4DD-5AAA-4C7D-A232-BAFECFEB687F}.Debug|Any CPU.ActiveCfg = Debug|Any CPU
		{EEF4C4DD-5AAA-4C7D-A232-BAFECFEB687F}.Debug|Any CPU.Build.0 = Debug|Any CPU
		{EEF4C4DD-5AAA-4C7D-A232-BAFECFEB687F}.Release|Any CPU.ActiveCfg = Release|Any CPU
		{EEF4C4DD-5AAA-4C7D-A232-BAFECFEB687F}.Release|Any CPU.Build.0 = Release|Any CPU
		{11309AC7-3FF3-492A-A785-C78A0BB9CDEE}.Debug|Any CPU.ActiveCfg = Debug|Any CPU
		{11309AC7-3FF3-492A-A785-C78A0BB9CDEE}.Debug|Any CPU.Build.0 = Debug|Any CPU
		{11309AC7-3FF3-492A-A785-C78A0BB9CDEE}.Release|Any CPU.ActiveCfg = Release|Any CPU
		{11309AC7-3FF3-492A-A785-C78A0BB9CDEE}.Release|Any CPU.Build.0 = Release|Any CPU
		{B78F5B08-DA19-4BDF-8DC0-CB17A04ACCE9}.Debug|Any CPU.ActiveCfg = Debug|Any CPU
		{B78F5B08-DA19-4BDF-8DC0-CB17A04ACCE9}.Debug|Any CPU.Build.0 = Debug|Any CPU
		{B78F5B08-DA19-4BDF-8DC0-CB17A04ACCE9}.Release|Any CPU.ActiveCfg = Release|Any CPU
		{B78F5B08-DA19-4BDF-8DC0-CB17A04ACCE9}.Release|Any CPU.Build.0 = Release|Any CPU
		{A42BE9DD-E6AB-4871-8392-64649AC9326F}.Debug|Any CPU.ActiveCfg = Debug|Any CPU
		{A42BE9DD-E6AB-4871-8392-64649AC9326F}.Debug|Any CPU.Build.0 = Debug|Any CPU
		{A42BE9DD-E6AB-4871-8392-64649AC9326F}.Release|Any CPU.ActiveCfg = Release|Any CPU
		{A42BE9DD-E6AB-4871-8392-64649AC9326F}.Release|Any CPU.Build.0 = Release|Any CPU
		{B1BBCCC5-7768-474D-A4C2-3C706F902706}.Debug|Any CPU.ActiveCfg = Debug|Any CPU
		{B1BBCCC5-7768-474D-A4C2-3C706F902706}.Debug|Any CPU.Build.0 = Debug|Any CPU
		{B1BBCCC5-7768-474D-A4C2-3C706F902706}.Release|Any CPU.ActiveCfg = Release|Any CPU
		{B1BBCCC5-7768-474D-A4C2-3C706F902706}.Release|Any CPU.Build.0 = Release|Any CPU
		{11A48C2A-A10A-4565-AADB-ACF476F7A6FB}.Debug|Any CPU.ActiveCfg = Debug|Any CPU
		{11A48C2A-A10A-4565-AADB-ACF476F7A6FB}.Debug|Any CPU.Build.0 = Debug|Any CPU
		{11A48C2A-A10A-4565-AADB-ACF476F7A6FB}.Release|Any CPU.ActiveCfg = Release|Any CPU
		{11A48C2A-A10A-4565-AADB-ACF476F7A6FB}.Release|Any CPU.Build.0 = Release|Any CPU
		{BDC48A89-5355-4F7C-B084-2FFD38A8158A}.Debug|Any CPU.ActiveCfg = Debug|Any CPU
		{BDC48A89-5355-4F7C-B084-2FFD38A8158A}.Debug|Any CPU.Build.0 = Debug|Any CPU
		{BDC48A89-5355-4F7C-B084-2FFD38A8158A}.Release|Any CPU.ActiveCfg = Release|Any CPU
		{BDC48A89-5355-4F7C-B084-2FFD38A8158A}.Release|Any CPU.Build.0 = Release|Any CPU
	EndGlobalSection
	GlobalSection(NestedProjects) = preSolution
		{B78F5B08-DA19-4BDF-8DC0-CB17A04ACCE9} = {96CC3CC0-13FB-402A-BD26-AE9F2AF8316E}
		{A42BE9DD-E6AB-4871-8392-64649AC9326F} = {96CC3CC0-13FB-402A-BD26-AE9F2AF8316E}
		{B1BBCCC5-7768-474D-A4C2-3C706F902706} = {96CC3CC0-13FB-402A-BD26-AE9F2AF8316E}
		{EEF4C4DD-5AAA-4C7D-A232-BAFECFEB687F} = {D3952782-534E-43B7-B97A-F9FC79A13BEC}
		{11309AC7-3FF3-492A-A785-C78A0BB9CDEE} = {D3952782-534E-43B7-B97A-F9FC79A13BEC}
		{11A48C2A-A10A-4565-AADB-ACF476F7A6FB} = {D3952782-534E-43B7-B97A-F9FC79A13BEC}
		{CB597445-9B1F-473F-A3DF-1DBC5C24CF07} = {D3952782-534E-43B7-B97A-F9FC79A13BEC}
		{BDC48A89-5355-4F7C-B084-2FFD38A8158A} = {CB597445-9B1F-473F-A3DF-1DBC5C24CF07}
	EndGlobalSection
EndGlobal
